// !$*UTF8*$!
{
	archiveVersion = 1;
	classes = {
	};
	objectVersion = 46;
	objects = {

/* Begin PBXBuildFile section */
		8659013A1DAB309B000BFB03 /* main.m in Sources */ = {isa = PBXBuildFile; fileRef = 865901391DAB309B000BFB03 /* main.m */; };
		8659013D1DAB309B000BFB03 /* AppDelegate.m in Sources */ = {isa = PBXBuildFile; fileRef = 8659013C1DAB309B000BFB03 /* AppDelegate.m */; };
		865901401DAB309B000BFB03 /* ViewController.m in Sources */ = {isa = PBXBuildFile; fileRef = 8659013F1DAB309B000BFB03 /* ViewController.m */; };
		865901431DAB309B000BFB03 /* Main.storyboard in Resources */ = {isa = PBXBuildFile; fileRef = 865901411DAB309B000BFB03 /* Main.storyboard */; };
		865901451DAB309B000BFB03 /* Assets.xcassets in Resources */ = {isa = PBXBuildFile; fileRef = 865901441DAB309B000BFB03 /* Assets.xcassets */; };
		865901481DAB309B000BFB03 /* LaunchScreen.storyboard in Resources */ = {isa = PBXBuildFile; fileRef = 865901461DAB309B000BFB03 /* LaunchScreen.storyboard */; };
/* End PBXBuildFile section */

/* Begin PBXFileReference section */
		865901351DAB309B000BFB03 /* aixianfeng007.app */ = {isa = PBXFileReference; explicitFileType = wrapper.application; includeInIndex = 0; path = aixianfeng007.app; sourceTree = BUILT_PRODUCTS_DIR; };
		865901391DAB309B000BFB03 /* main.m */ = {isa = PBXFileReference; lastKnownFileType = sourcecode.c.objc; path = main.m; sourceTree = "<group>"; };
		8659013B1DAB309B000BFB03 /* AppDelegate.h */ = {isa = PBXFileReference; lastKnownFileType = sourcecode.c.h; path = AppDelegate.h; sourceTree = "<group>"; };
		8659013C1DAB309B000BFB03 /* AppDelegate.m */ = {isa = PBXFileReference; lastKnownFileType = sourcecode.c.objc; path = AppDelegate.m; sourceTree = "<group>"; };
		8659013E1DAB309B000BFB03 /* ViewController.h */ = {isa = PBXFileReference; lastKnownFileType = sourcecode.c.h; path = ViewController.h; sourceTree = "<group>"; };
		8659013F1DAB309B000BFB03 /* ViewController.m */ = {isa = PBXFileReference; lastKnownFileType = sourcecode.c.objc; path = ViewController.m; sourceTree = "<group>"; };
		865901421DAB309B000BFB03 /* Base */ = {isa = PBXFileReference; lastKnownFileType = file.storyboard; name = Base; path = Base.lproj/Main.storyboard; sourceTree = "<group>"; };
		865901441DAB309B000BFB03 /* Assets.xcassets */ = {isa = PBXFileReference; lastKnownFileType = folder.assetcatalog; path = Assets.xcassets; sourceTree = "<group>"; };
		865901471DAB309B000BFB03 /* Base */ = {isa = PBXFileReference; lastKnownFileType = file.storyboard; name = Base; path = Base.lproj/LaunchScreen.storyboard; sourceTree = "<group>"; };
		865901491DAB309B000BFB03 /* Info.plist */ = {isa = PBXFileReference; lastKnownFileType = text.plist.xml; path = Info.plist; sourceTree = "<group>"; };
/* End PBXFileReference section */

/* Begin PBXFrameworksBuildPhase section */
		865901321DAB309B000BFB03 /* Frameworks */ = {
			isa = PBXFrameworksBuildPhase;
			buildActionMask = 2147483647;
			files = (
			);
			runOnlyForDeploymentPostprocessing = 0;
		};
/* End PBXFrameworksBuildPhase section */

/* Begin PBXGroup section */
		8659012C1DAB309B000BFB03 = {
			isa = PBXGroup;
			children = (
				865901371DAB309B000BFB03 /* aixianfeng007 */,
				865901361DAB309B000BFB03 /* Products */,
			);
			sourceTree = "<group>";
		};
		865901361DAB309B000BFB03 /* Products */ = {
			isa = PBXGroup;
			children = (
				865901351DAB309B000BFB03 /* aixianfeng007.app */,
			);
			name = Products;
			sourceTree = "<group>";
		};
		865901371DAB309B000BFB03 /* aixianfeng007 */ = {
			isa = PBXGroup;
			children = (
				8659013B1DAB309B000BFB03 /* AppDelegate.h */,
				8659013C1DAB309B000BFB03 /* AppDelegate.m */,
				8659013E1DAB309B000BFB03 /* ViewController.h */,
				8659013F1DAB309B000BFB03 /* ViewController.m */,
				865901411DAB309B000BFB03 /* Main.storyboard */,
				865901441DAB309B000BFB03 /* Assets.xcassets */,
				865901461DAB309B000BFB03 /* LaunchScreen.storyboard */,
				865901491DAB309B000BFB03 /* Info.plist */,
				865901381DAB309B000BFB03 /* Supporting Files */,
			);
			path = aixianfeng007;
			sourceTree = "<group>";
		};
		865901381DAB309B000BFB03 /* Supporting Files */ = {
			isa = PBXGroup;
			children = (
				865901391DAB309B000BFB03 /* main.m */,
			);
			name = "Supporting Files";
			sourceTree = "<group>";
		};
/* End PBXGroup section */

/* Begin PBXNativeTarget section */
		865901341DAB309B000BFB03 /* aixianfeng007 */ = {
			isa = PBXNativeTarget;
			buildConfigurationList = 8659014C1DAB309B000BFB03 /* Build configuration list for PBXNativeTarget "aixianfeng007" */;
			buildPhases = (
				865901311DAB309B000BFB03 /* Sources */,
				865901321DAB309B000BFB03 /* Frameworks */,
				865901331DAB309B000BFB03 /* Resources */,
			);
			buildRules = (
			);
			dependencies = (
			);
			name = aixianfeng007;
			productName = aixianfeng007;
			productReference = 865901351DAB309B000BFB03 /* aixianfeng007.app */;
			productType = "com.apple.product-type.application";
		};
/* End PBXNativeTarget section */

/* Begin PBXProject section */
		8659012D1DAB309B000BFB03 /* Project object */ = {
			isa = PBXProject;
			attributes = {
				LastUpgradeCheck = 0730;
				ORGANIZATIONNAME = itheima;
				TargetAttributes = {
					865901341DAB309B000BFB03 = {
						CreatedOnToolsVersion = 7.3.1;
					};
				};
			};
			buildConfigurationList = 865901301DAB309B000BFB03 /* Build configuration list for PBXProject "aixianfeng007" */;
			compatibilityVersion = "Xcode 3.2";
			developmentRegion = English;
			hasScannedForEncodings = 0;
			knownRegions = (
				en,
				Base,
			);
			mainGroup = 8659012C1DAB309B000BFB03;
			productRefGroup = 865901361DAB309B000BFB03 /* Products */;
			projectDirPath = "";
			projectRoot = "";
			targets = (
				865901341DAB309B000BFB03 /* aixianfeng007 */,
			);
		};
/* End PBXProject section */

/* Begin PBXResourcesBuildPhase section */
		865901331DAB309B000BFB03 /* Resources */ = {
			isa = PBXResourcesBuildPhase;
			buildActionMask = 2147483647;
			files = (
				865901481DAB309B000BFB03 /* LaunchScreen.storyboard in Resources */,
				865901451DAB309B000BFB03 /* Assets.xcassets in Resources */,
				865901431DAB309B000BFB03 /* Main.storyboard in Resources */,
			);
			runOnlyForDeploymentPostprocessing = 0;
		};
/* End PBXResourcesBuildPhase section */

/* Begin PBXSourcesBuildPhase section */
		865901311DAB309B000BFB03 /* Sources */ = {
			isa = PBXSourcesBuildPhase;
			buildActionMask = 2147483647;
			files = (
				865901401DAB309B000BFB03 /* ViewController.m in Sources */,
				8659013D1DAB309B000BFB03 /* AppDelegate.m in Sources */,
				8659013A1DAB309B000BFB03 /* main.m in Sources */,
			);
			runOnlyForDeploymentPostprocessing = 0;
		};
/* End PBXSourcesBuildPhase section */

/* Begin PBXVariantGroup section */
		865901411DAB309B000BFB03 /* Main.storyboard */ = {
			isa = PBXVariantGroup;
			children = (
				865901421DAB309B000BFB03 /* Base */,
			);
			name = Main.storyboard;
			sourceTree = "<group>";
		};
		865901461DAB309B000BFB03 /* LaunchScreen.storyboard */ = {
			isa = PBXVariantGroup;
			children = (
				865901471DAB309B000BFB03 /* Base */,
			);
			name = LaunchScreen.storyboard;
			sourceTree = "<group>";
		};
/* End PBXVariantGroup section */

/* Begin XCBuildConfiguration section */
		8659014A1DAB309B000BFB03 /* Debug */ = {
			isa = XCBuildConfiguration;
			buildSettings = {
				ALWAYS_SEARCH_USER_PATHS = NO;
				CLANG_ANALYZER_NONNULL = YES;
				CLANG_CXX_LANGUAGE_STANDARD = "gnu++0x";
				CLANG_CXX_LIBRARY = "libc++";
				CLANG_ENABLE_MODULES = YES;
				CLANG_ENABLE_OBJC_ARC = YES;
				CLANG_WARN_BOOL_CONVERSION = YES;
				CLANG_WARN_CONSTANT_CONVERSION = YES;
				CLANG_WARN_DIRECT_OBJC_ISA_USAGE = YES_ERROR;
				CLANG_WARN_EMPTY_BODY = YES;
				CLANG_WARN_ENUM_CONVERSION = YES;
				CLANG_WARN_INT_CONVERSION = YES;
				CLANG_WARN_OBJC_ROOT_CLASS = YES_ERROR;
				CLANG_WARN_UNREACHABLE_CODE = YES;
				CLANG_WARN__DUPLICATE_METHOD_MATCH = YES;
				"CODE_SIGN_IDENTITY[sdk=iphoneos*]" = "iPhone Developer";
				COPY_PHASE_STRIP = NO;
				DEBUG_INFORMATION_FORMAT = dwarf;
				ENABLE_STRICT_OBJC_MSGSEND = YES;
				ENABLE_TESTABILITY = YES;
				GCC_C_LANGUAGE_STANDARD = gnu99;
				GCC_DYNAMIC_NO_PIC = NO;
				GCC_NO_COMMON_BLOCKS = YES;
				GCC_OPTIMIZATION_LEVEL = 0;
				GCC_PREPROCESSOR_DEFINITIONS = (
					"DEBUG=1",
					"$(inherited)",
				);
				GCC_WARN_64_TO_32_BIT_CONVERSION = YES;
				GCC_WARN_ABOUT_RETURN_TYPE = YES_ERROR;
				GCC_WARN_UNDECLARED_SELECTOR = YES;
				GCC_WARN_UNINITIALIZED_AUTOS = YES_AGGRESSIVE;
				GCC_WARN_UNUSED_FUNCTION = YES;
				GCC_WARN_UNUSED_VARIABLE = YES;
				IPHONEOS_DEPLOYMENT_TARGET = 9.3;
				MTL_ENABLE_DEBUG_INFO = YES;
				ONLY_ACTIVE_ARCH = YES;
				SDKROOT = iphoneos;
			};
			name = Debug;
		};
		8659014B1DAB309B000BFB03 /* Release */ = {
			isa = XCBuildConfiguration;
			buildSettings = {
				ALWAYS_SEARCH_USER_PATHS = NO;
				CLANG_ANALYZER_NONNULL = YES;
				CLANG_CXX_LANGUAGE_STANDARD = "gnu++0x";
				CLANG_CXX_LIBRARY = "libc++";
				CLANG_ENABLE_MODULES = YES;
				CLANG_ENABLE_OBJC_ARC = YES;
				CLANG_WARN_BOOL_CONVERSION = YES;
				CLANG_WARN_CONSTANT_CONVERSION = YES;
				CLANG_WARN_DIRECT_OBJC_ISA_USAGE = YES_ERROR;
				CLANG_WARN_EMPTY_BODY = YES;
				CLANG_WARN_ENUM_CONVERSION = YES;
				CLANG_WARN_INT_CONVERSION = YES;
				CLANG_WARN_OBJC_ROOT_CLASS = YES_ERROR;
				CLANG_WARN_UNREACHABLE_CODE = YES;
				CLANG_WARN__DUPLICATE_METHOD_MATCH = YES;
				"CODE_SIGN_IDENTITY[sdk=iphoneos*]" = "iPhone Developer";
				COPY_PHASE_STRIP = NO;
				DEBUG_INFORMATION_FORMAT = "dwarf-with-dsym";
				ENABLE_NS_ASSERTIONS = NO;
				ENABLE_STRICT_OBJC_MSGSEND = YES;
				GCC_C_LANGUAGE_STANDARD = gnu99;
				GCC_NO_COMMON_BLOCKS = YES;
				GCC_WARN_64_TO_32_BIT_CONVERSION = YES;
				GCC_WARN_ABOUT_RETURN_TYPE = YES_ERROR;
				GCC_WARN_UNDECLARED_SELECTOR = YES;
				GCC_WARN_UNINITIALIZED_AUTOS = YES_AGGRESSIVE;
				GCC_WARN_UNUSED_FUNCTION = YES;
				GCC_WARN_UNUSED_VARIABLE = YES;
				IPHONEOS_DEPLOYMENT_TARGET = 9.3;
				MTL_ENABLE_DEBUG_INFO = NO;
				SDKROOT = iphoneos;
				VALIDATE_PRODUCT = YES;
			};
			name = Release;
		};
		8659014D1DAB309B000BFB03 /* Debug */ = {
			isa = XCBuildConfiguration;
			buildSettings = {
				ASSETCATALOG_COMPILER_APPICON_NAME = AppIcon;
				INFOPLIST_FILE = aixianfeng007/Info.plist;
				LD_RUNPATH_SEARCH_PATHS = "$(inherited) @executable_path/Frameworks";
				PRODUCT_BUNDLE_IDENTIFIER = com.itheima.aixianfeng007;
				PRODUCT_NAME = "$(TARGET_NAME)";
			};
			name = Debug;
		};
		8659014E1DAB309B000BFB03 /* Release */ = {
			isa = XCBuildConfiguration;
			buildSettings = {
				ASSETCATALOG_COMPILER_APPICON_NAME = AppIcon;
				INFOPLIST_FILE = aixianfeng007/Info.plist;
				LD_RUNPATH_SEARCH_PATHS = "$(inherited) @executable_path/Frameworks";
				PRODUCT_BUNDLE_IDENTIFIER = com.itheima.aixianfeng007;
				PRODUCT_NAME = "$(TARGET_NAME)";
			};
			name = Release;
		};
/* End XCBuildConfiguration section */

/* Begin XCConfigurationList section */
		865901301DAB309B000BFB03 /* Build configuration list for PBXProject "aixianfeng007" */ = {
			isa = XCConfigurationList;
			buildConfigurations = (
				8659014A1DAB309B000BFB03 /* Debug */,
				8659014B1DAB309B000BFB03 /* Release */,
			);
			defaultConfigurationIsVisible = 0;
			defaultConfigurationName = Release;
		};
		8659014C1DAB309B000BFB03 /* Build configuration list for PBXNativeTarget "aixianfeng007" */ = {
			isa = XCConfigurationList;
			buildConfigurations = (
				8659014D1DAB309B000BFB03 /* Debug */,
				8659014E1DAB309B000BFB03 /* Release */,
			);
			defaultConfigurationIsVisible = 0;
		};
/* End XCConfigurationList section */
	};
	rootObject = 8659012D1DAB309B000BFB03 /* Project object */;
}
